// !$*UTF8*$!
{
	archiveVersion = 1;
	classes = {
	};
	objectVersion = 50;
	objects = {

/* Begin PBXBuildFile section */
		AF54A7FA23412B9200388205 /* ScannerContainerViewController.swift in Sources */ = {isa = PBXBuildFile; fileRef = AF54A7F923412B9200388205 /* ScannerContainerViewController.swift */; };
		AF54A7FC2341F2DF00388205 /* UpdateLocationData.swift in Sources */ = {isa = PBXBuildFile; fileRef = AF54A7FB2341F2DF00388205 /* UpdateLocationData.swift */; };
		AF57202823394A84009566AC /* TrackingGroupData.swift in Sources */ = {isa = PBXBuildFile; fileRef = AF57202723394A84009566AC /* TrackingGroupData.swift */; };
		AF57202A23395573009566AC /* ConfigViewController.swift in Sources */ = {isa = PBXBuildFile; fileRef = AF57202923395573009566AC /* ConfigViewController.swift */; };
		AF57202C2340B469009566AC /* LocationManager.swift in Sources */ = {isa = PBXBuildFile; fileRef = AF57202B2340B469009566AC /* LocationManager.swift */; };
		AF7DB3B62364895C00B403F6 /* LocationAccuracyChoice.swift in Sources */ = {isa = PBXBuildFile; fileRef = AF7DB3B52364895C00B403F6 /* LocationAccuracyChoice.swift */; };
		AF7DB3B82364A88C00B403F6 /* ConfigTableViewController.swift in Sources */ = {isa = PBXBuildFile; fileRef = AF7DB3B72364A88C00B403F6 /* ConfigTableViewController.swift */; };
		AFA43D16232EA63100F5529C /* AppDelegate.swift in Sources */ = {isa = PBXBuildFile; fileRef = AFA43D15232EA63100F5529C /* AppDelegate.swift */; };
		AFA43D18232EA63100F5529C /* MapViewController.swift in Sources */ = {isa = PBXBuildFile; fileRef = AFA43D17232EA63100F5529C /* MapViewController.swift */; };
		AFA43D1B232EA63100F5529C /* Main.storyboard in Resources */ = {isa = PBXBuildFile; fileRef = AFA43D19232EA63100F5529C /* Main.storyboard */; };
		AFA43D1E232EA63100F5529C /* gpxeditortracker.xcdatamodeld in Sources */ = {isa = PBXBuildFile; fileRef = AFA43D1C232EA63100F5529C /* gpxeditortracker.xcdatamodeld */; };
		AFA43D20232EA63200F5529C /* Assets.xcassets in Resources */ = {isa = PBXBuildFile; fileRef = AFA43D1F232EA63200F5529C /* Assets.xcassets */; };
		AFA43D23232EA63200F5529C /* LaunchScreen.storyboard in Resources */ = {isa = PBXBuildFile; fileRef = AFA43D21232EA63200F5529C /* LaunchScreen.storyboard */; };
		AFE980462336386C00B22E18 /* Notifications.swift in Sources */ = {isa = PBXBuildFile; fileRef = AFE980452336386C00B22E18 /* Notifications.swift */; };
		AFE980492339105600B22E18 /* ScannerViewController.swift in Sources */ = {isa = PBXBuildFile; fileRef = AFE980482339105600B22E18 /* ScannerViewController.swift */; };
		AFF97D56235CEA4C0070D09B /* RemoveTrackingUserData.swift in Sources */ = {isa = PBXBuildFile; fileRef = AFF97D55235CEA4C0070D09B /* RemoveTrackingUserData.swift */; };
/* End PBXBuildFile section */

/* Begin PBXFileReference section */
		AF54A7F923412B9200388205 /* ScannerContainerViewController.swift */ = {isa = PBXFileReference; lastKnownFileType = sourcecode.swift; path = ScannerContainerViewController.swift; sourceTree = "<group>"; };
		AF54A7FB2341F2DF00388205 /* UpdateLocationData.swift */ = {isa = PBXFileReference; lastKnownFileType = sourcecode.swift; path = UpdateLocationData.swift; sourceTree = "<group>"; };
		AF57202723394A84009566AC /* TrackingGroupData.swift */ = {isa = PBXFileReference; lastKnownFileType = sourcecode.swift; path = TrackingGroupData.swift; sourceTree = "<group>"; };
		AF57202923395573009566AC /* ConfigViewController.swift */ = {isa = PBXFileReference; lastKnownFileType = sourcecode.swift; path = ConfigViewController.swift; sourceTree = "<group>"; };
		AF57202B2340B469009566AC /* LocationManager.swift */ = {isa = PBXFileReference; lastKnownFileType = sourcecode.swift; path = LocationManager.swift; sourceTree = "<group>"; };
		AF7DB3B52364895C00B403F6 /* LocationAccuracyChoice.swift */ = {isa = PBXFileReference; lastKnownFileType = sourcecode.swift; path = LocationAccuracyChoice.swift; sourceTree = "<group>"; };
		AF7DB3B72364A88C00B403F6 /* ConfigTableViewController.swift */ = {isa = PBXFileReference; lastKnownFileType = sourcecode.swift; path = ConfigTableViewController.swift; sourceTree = "<group>"; };
		AFA43D12232EA63100F5529C /* GPXTracker.app */ = {isa = PBXFileReference; explicitFileType = wrapper.application; includeInIndex = 0; path = GPXTracker.app; sourceTree = BUILT_PRODUCTS_DIR; };
		AFA43D15232EA63100F5529C /* AppDelegate.swift */ = {isa = PBXFileReference; lastKnownFileType = sourcecode.swift; path = AppDelegate.swift; sourceTree = "<group>"; };
		AFA43D17232EA63100F5529C /* MapViewController.swift */ = {isa = PBXFileReference; lastKnownFileType = sourcecode.swift; path = MapViewController.swift; sourceTree = "<group>"; };
		AFA43D1A232EA63100F5529C /* Base */ = {isa = PBXFileReference; lastKnownFileType = file.storyboard; name = Base; path = Base.lproj/Main.storyboard; sourceTree = "<group>"; };
		AFA43D1D232EA63100F5529C /* gpxeditortracker.xcdatamodel */ = {isa = PBXFileReference; lastKnownFileType = wrapper.xcdatamodel; path = gpxeditortracker.xcdatamodel; sourceTree = "<group>"; };
		AFA43D1F232EA63200F5529C /* Assets.xcassets */ = {isa = PBXFileReference; lastKnownFileType = folder.assetcatalog; path = Assets.xcassets; sourceTree = "<group>"; };
		AFA43D22232EA63200F5529C /* Base */ = {isa = PBXFileReference; lastKnownFileType = file.storyboard; name = Base; path = Base.lproj/LaunchScreen.storyboard; sourceTree = "<group>"; };
		AFA43D24232EA63200F5529C /* Info.plist */ = {isa = PBXFileReference; lastKnownFileType = text.plist.xml; path = Info.plist; sourceTree = "<group>"; };
		AFE980452336386C00B22E18 /* Notifications.swift */ = {isa = PBXFileReference; lastKnownFileType = sourcecode.swift; path = Notifications.swift; sourceTree = "<group>"; };
		AFE980482339105600B22E18 /* ScannerViewController.swift */ = {isa = PBXFileReference; lastKnownFileType = sourcecode.swift; path = ScannerViewController.swift; sourceTree = "<group>"; };
		AFF97D4E2354AAD80070D09B /* MG-2.gpx */ = {isa = PBXFileReference; lastKnownFileType = text.xml; name = "MG-2.gpx"; path = "gpxeditortracker/MG-2.gpx"; sourceTree = "<group>"; };
		AFF97D55235CEA4C0070D09B /* RemoveTrackingUserData.swift */ = {isa = PBXFileReference; lastKnownFileType = sourcecode.swift; path = RemoveTrackingUserData.swift; sourceTree = "<group>"; };
/* End PBXFileReference section */

/* Begin PBXFrameworksBuildPhase section */
		AFA43D0F232EA63100F5529C /* Frameworks */ = {
			isa = PBXFrameworksBuildPhase;
			buildActionMask = 2147483647;
			files = (
			);
			runOnlyForDeploymentPostprocessing = 0;
		};
/* End PBXFrameworksBuildPhase section */

/* Begin PBXGroup section */
		AFA43D09232EA63100F5529C = {
			isa = PBXGroup;
			children = (
				AFF97D4E2354AAD80070D09B /* MG-2.gpx */,
				AFA43D14232EA63100F5529C /* gpxeditortracker */,
				AFA43D13232EA63100F5529C /* Products */,
			);
			sourceTree = "<group>";
		};
		AFA43D13232EA63100F5529C /* Products */ = {
			isa = PBXGroup;
			children = (
				AFA43D12232EA63100F5529C /* GPXTracker.app */,
			);
			name = Products;
			sourceTree = "<group>";
		};
		AFA43D14232EA63100F5529C /* gpxeditortracker */ = {
			isa = PBXGroup;
			children = (
				AFA43D15232EA63100F5529C /* AppDelegate.swift */,
				AFA43D1F232EA63200F5529C /* Assets.xcassets */,
				AF57202923395573009566AC /* ConfigViewController.swift */,
				AFA43D1C232EA63100F5529C /* gpxeditortracker.xcdatamodeld */,
				AFA43D24232EA63200F5529C /* Info.plist */,
				AFA43D21232EA63200F5529C /* LaunchScreen.storyboard */,
				AF57202B2340B469009566AC /* LocationManager.swift */,
				AFA43D19232EA63100F5529C /* Main.storyboard */,
				AFA43D17232EA63100F5529C /* MapViewController.swift */,
				AFE980452336386C00B22E18 /* Notifications.swift */,
				AFE980482339105600B22E18 /* ScannerViewController.swift */,
				AF57202723394A84009566AC /* TrackingGroupData.swift */,
				AF54A7F923412B9200388205 /* ScannerContainerViewController.swift */,
				AF54A7FB2341F2DF00388205 /* UpdateLocationData.swift */,
				AFF97D55235CEA4C0070D09B /* RemoveTrackingUserData.swift */,
				AF7DB3B52364895C00B403F6 /* LocationAccuracyChoice.swift */,
				AF7DB3B72364A88C00B403F6 /* ConfigTableViewController.swift */,
			);
			path = gpxeditortracker;
			sourceTree = "<group>";
		};
/* End PBXGroup section */

/* Begin PBXNativeTarget section */
		AFA43D11232EA63100F5529C /* gpxeditortracker */ = {
			isa = PBXNativeTarget;
			buildConfigurationList = AFA43D27232EA63200F5529C /* Build configuration list for PBXNativeTarget "gpxeditortracker" */;
			buildPhases = (
				AFA43D0E232EA63100F5529C /* Sources */,
				AFA43D0F232EA63100F5529C /* Frameworks */,
				AFA43D10232EA63100F5529C /* Resources */,
			);
			buildRules = (
			);
			dependencies = (
			);
			name = gpxeditortracker;
			productName = gpxeditortracker;
			productReference = AFA43D12232EA63100F5529C /* GPXTracker.app */;
			productType = "com.apple.product-type.application";
		};
/* End PBXNativeTarget section */

/* Begin PBXProject section */
		AFA43D0A232EA63100F5529C /* Project object */ = {
			isa = PBXProject;
			attributes = {
				LastSwiftUpdateCheck = 1020;
				LastUpgradeCheck = 1020;
				ORGANIZATIONNAME = "Ben Taylor";
				TargetAttributes = {
					AFA43D11232EA63100F5529C = {
						CreatedOnToolsVersion = 10.2.1;
						SystemCapabilities = {
							com.apple.BackgroundModes = {
								enabled = 1;
							};
						};
					};
				};
			};
			buildConfigurationList = AFA43D0D232EA63100F5529C /* Build configuration list for PBXProject "gpxeditortracker" */;
			compatibilityVersion = "Xcode 9.3";
			developmentRegion = en;
			hasScannedForEncodings = 0;
			knownRegions = (
				en,
				Base,
			);
			mainGroup = AFA43D09232EA63100F5529C;
			productRefGroup = AFA43D13232EA63100F5529C /* Products */;
			projectDirPath = "";
			projectRoot = "";
			targets = (
				AFA43D11232EA63100F5529C /* gpxeditortracker */,
			);
		};
/* End PBXProject section */

/* Begin PBXResourcesBuildPhase section */
		AFA43D10232EA63100F5529C /* Resources */ = {
			isa = PBXResourcesBuildPhase;
			buildActionMask = 2147483647;
			files = (
				AFA43D23232EA63200F5529C /* LaunchScreen.storyboard in Resources */,
				AFA43D20232EA63200F5529C /* Assets.xcassets in Resources */,
				AFA43D1B232EA63100F5529C /* Main.storyboard in Resources */,
			);
			runOnlyForDeploymentPostprocessing = 0;
		};
/* End PBXResourcesBuildPhase section */

/* Begin PBXSourcesBuildPhase section */
		AFA43D0E232EA63100F5529C /* Sources */ = {
			isa = PBXSourcesBuildPhase;
			buildActionMask = 2147483647;
			files = (
				AF57202823394A84009566AC /* TrackingGroupData.swift in Sources */,
				AFE980462336386C00B22E18 /* Notifications.swift in Sources */,
				AF7DB3B62364895C00B403F6 /* LocationAccuracyChoice.swift in Sources */,
				AF7DB3B82364A88C00B403F6 /* ConfigTableViewController.swift in Sources */,
				AFF97D56235CEA4C0070D09B /* RemoveTrackingUserData.swift in Sources */,
				AFA43D18232EA63100F5529C /* MapViewController.swift in Sources */,
				AF54A7FC2341F2DF00388205 /* UpdateLocationData.swift in Sources */,
				AF54A7FA23412B9200388205 /* ScannerContainerViewController.swift in Sources */,
				AFA43D1E232EA63100F5529C /* gpxeditortracker.xcdatamodeld in Sources */,
				AF57202C2340B469009566AC /* LocationManager.swift in Sources */,
				AF57202A23395573009566AC /* ConfigViewController.swift in Sources */,
				AFE980492339105600B22E18 /* ScannerViewController.swift in Sources */,
				AFA43D16232EA63100F5529C /* AppDelegate.swift in Sources */,
			);
			runOnlyForDeploymentPostprocessing = 0;
		};
/* End PBXSourcesBuildPhase section */

/* Begin PBXVariantGroup section */
		AFA43D19232EA63100F5529C /* Main.storyboard */ = {
			isa = PBXVariantGroup;
			children = (
				AFA43D1A232EA63100F5529C /* Base */,
			);
			name = Main.storyboard;
			sourceTree = "<group>";
		};
		AFA43D21232EA63200F5529C /* LaunchScreen.storyboard */ = {
			isa = PBXVariantGroup;
			children = (
				AFA43D22232EA63200F5529C /* Base */,
			);
			name = LaunchScreen.storyboard;
			sourceTree = "<group>";
		};
/* End PBXVariantGroup section */

/* Begin XCBuildConfiguration section */
		AFA43D25232EA63200F5529C /* Debug */ = {
			isa = XCBuildConfiguration;
			buildSettings = {
				ALWAYS_SEARCH_USER_PATHS = NO;
				CLANG_ANALYZER_NONNULL = YES;
				CLANG_ANALYZER_NUMBER_OBJECT_CONVERSION = YES_AGGRESSIVE;
				CLANG_CXX_LANGUAGE_STANDARD = "gnu++14";
				CLANG_CXX_LIBRARY = "libc++";
				CLANG_ENABLE_MODULES = YES;
				CLANG_ENABLE_OBJC_ARC = YES;
				CLANG_ENABLE_OBJC_WEAK = YES;
				CLANG_WARN_BLOCK_CAPTURE_AUTORELEASING = YES;
				CLANG_WARN_BOOL_CONVERSION = YES;
				CLANG_WARN_COMMA = YES;
				CLANG_WARN_CONSTANT_CONVERSION = YES;
				CLANG_WARN_DEPRECATED_OBJC_IMPLEMENTATIONS = YES;
				CLANG_WARN_DIRECT_OBJC_ISA_USAGE = YES_ERROR;
				CLANG_WARN_DOCUMENTATION_COMMENTS = YES;
				CLANG_WARN_EMPTY_BODY = YES;
				CLANG_WARN_ENUM_CONVERSION = YES;
				CLANG_WARN_INFINITE_RECURSION = YES;
				CLANG_WARN_INT_CONVERSION = YES;
				CLANG_WARN_NON_LITERAL_NULL_CONVERSION = YES;
				CLANG_WARN_OBJC_IMPLICIT_RETAIN_SELF = YES;
				CLANG_WARN_OBJC_LITERAL_CONVERSION = YES;
				CLANG_WARN_OBJC_ROOT_CLASS = YES_ERROR;
				CLANG_WARN_RANGE_LOOP_ANALYSIS = YES;
				CLANG_WARN_STRICT_PROTOTYPES = YES;
				CLANG_WARN_SUSPICIOUS_MOVE = YES;
				CLANG_WARN_UNGUARDED_AVAILABILITY = YES_AGGRESSIVE;
				CLANG_WARN_UNREACHABLE_CODE = YES;
				CLANG_WARN__DUPLICATE_METHOD_MATCH = YES;
				CODE_SIGN_IDENTITY = "iPhone Developer";
				COPY_PHASE_STRIP = NO;
				DEBUG_INFORMATION_FORMAT = dwarf;
				ENABLE_STRICT_OBJC_MSGSEND = YES;
				ENABLE_TESTABILITY = YES;
				GCC_C_LANGUAGE_STANDARD = gnu11;
				GCC_DYNAMIC_NO_PIC = NO;
				GCC_NO_COMMON_BLOCKS = YES;
				GCC_OPTIMIZATION_LEVEL = 0;
				GCC_PREPROCESSOR_DEFINITIONS = (
					"DEBUG=1",
					"$(inherited)",
				);
				GCC_WARN_64_TO_32_BIT_CONVERSION = YES;
				GCC_WARN_ABOUT_RETURN_TYPE = YES_ERROR;
				GCC_WARN_UNDECLARED_SELECTOR = YES;
				GCC_WARN_UNINITIALIZED_AUTOS = YES_AGGRESSIVE;
				GCC_WARN_UNUSED_FUNCTION = YES;
				GCC_WARN_UNUSED_VARIABLE = YES;
				IPHONEOS_DEPLOYMENT_TARGET = 12.2;
				MTL_ENABLE_DEBUG_INFO = INCLUDE_SOURCE;
				MTL_FAST_MATH = YES;
				ONLY_ACTIVE_ARCH = YES;
				SDKROOT = iphoneos;
				SWIFT_ACTIVE_COMPILATION_CONDITIONS = DEBUG;
				SWIFT_OPTIMIZATION_LEVEL = "-Onone";
			};
			name = Debug;
		};
		AFA43D26232EA63200F5529C /* Release */ = {
			isa = XCBuildConfiguration;
			buildSettings = {
				ALWAYS_SEARCH_USER_PATHS = NO;
				CLANG_ANALYZER_NONNULL = YES;
				CLANG_ANALYZER_NUMBER_OBJECT_CONVERSION = YES_AGGRESSIVE;
				CLANG_CXX_LANGUAGE_STANDARD = "gnu++14";
				CLANG_CXX_LIBRARY = "libc++";
				CLANG_ENABLE_MODULES = YES;
				CLANG_ENABLE_OBJC_ARC = YES;
				CLANG_ENABLE_OBJC_WEAK = YES;
				CLANG_WARN_BLOCK_CAPTURE_AUTORELEASING = YES;
				CLANG_WARN_BOOL_CONVERSION = YES;
				CLANG_WARN_COMMA = YES;
				CLANG_WARN_CONSTANT_CONVERSION = YES;
				CLANG_WARN_DEPRECATED_OBJC_IMPLEMENTATIONS = YES;
				CLANG_WARN_DIRECT_OBJC_ISA_USAGE = YES_ERROR;
				CLANG_WARN_DOCUMENTATION_COMMENTS = YES;
				CLANG_WARN_EMPTY_BODY = YES;
				CLANG_WARN_ENUM_CONVERSION = YES;
				CLANG_WARN_INFINITE_RECURSION = YES;
				CLANG_WARN_INT_CONVERSION = YES;
				CLANG_WARN_NON_LITERAL_NULL_CONVERSION = YES;
				CLANG_WARN_OBJC_IMPLICIT_RETAIN_SELF = YES;
				CLANG_WARN_OBJC_LITERAL_CONVERSION = YES;
				CLANG_WARN_OBJC_ROOT_CLASS = YES_ERROR;
				CLANG_WARN_RANGE_LOOP_ANALYSIS = YES;
				CLANG_WARN_STRICT_PROTOTYPES = YES;
				CLANG_WARN_SUSPICIOUS_MOVE = YES;
				CLANG_WARN_UNGUARDED_AVAILABILITY = YES_AGGRESSIVE;
				CLANG_WARN_UNREACHABLE_CODE = YES;
				CLANG_WARN__DUPLICATE_METHOD_MATCH = YES;
				CODE_SIGN_IDENTITY = "iPhone Developer";
				COPY_PHASE_STRIP = NO;
				DEBUG_INFORMATION_FORMAT = "dwarf-with-dsym";
				ENABLE_NS_ASSERTIONS = NO;
				ENABLE_STRICT_OBJC_MSGSEND = YES;
				GCC_C_LANGUAGE_STANDARD = gnu11;
				GCC_NO_COMMON_BLOCKS = YES;
				GCC_WARN_64_TO_32_BIT_CONVERSION = YES;
				GCC_WARN_ABOUT_RETURN_TYPE = YES_ERROR;
				GCC_WARN_UNDECLARED_SELECTOR = YES;
				GCC_WARN_UNINITIALIZED_AUTOS = YES_AGGRESSIVE;
				GCC_WARN_UNUSED_FUNCTION = YES;
				GCC_WARN_UNUSED_VARIABLE = YES;
				IPHONEOS_DEPLOYMENT_TARGET = 12.2;
				MTL_ENABLE_DEBUG_INFO = NO;
				MTL_FAST_MATH = YES;
				SDKROOT = iphoneos;
				SWIFT_COMPILATION_MODE = wholemodule;
				SWIFT_OPTIMIZATION_LEVEL = "-O";
				VALIDATE_PRODUCT = YES;
			};
			name = Release;
		};
		AFA43D28232EA63200F5529C /* Debug */ = {
			isa = XCBuildConfiguration;
			buildSettings = {
				ASSETCATALOG_COMPILER_APPICON_NAME = AppIcon;
				CODE_SIGN_STYLE = Automatic;
				CURRENT_PROJECT_VERSION = 5;
				DEVELOPMENT_TEAM = 2L94WVTRFH;
				INFOPLIST_FILE = gpxeditortracker/Info.plist;
				LD_RUNPATH_SEARCH_PATHS = (
					"$(inherited)",
					"@executable_path/Frameworks",
				);
				MARKETING_VERSION = 5.0;
				PRODUCT_BUNDLE_IDENTIFIER = com.bjt.gpxeditortracker;
				PRODUCT_NAME = GPXTracker;
				SWIFT_VERSION = 5.0;
				TARGETED_DEVICE_FAMILY = 1;
			};
			name = Debug;
		};
		AFA43D29232EA63200F5529C /* Release */ = {
			isa = XCBuildConfiguration;
			buildSettings = {
				ASSETCATALOG_COMPILER_APPICON_NAME = AppIcon;
				CODE_SIGN_STYLE = Automatic;
				CURRENT_PROJECT_VERSION = 5;
				DEVELOPMENT_TEAM = 2L94WVTRFH;
				INFOPLIST_FILE = gpxeditortracker/Info.plist;
				LD_RUNPATH_SEARCH_PATHS = (
					"$(inherited)",
					"@executable_path/Frameworks",
				);
				MARKETING_VERSION = 5.0;
				PRODUCT_BUNDLE_IDENTIFIER = com.bjt.gpxeditortracker;
				PRODUCT_NAME = GPXTracker;
				SWIFT_VERSION = 5.0;
				TARGETED_DEVICE_FAMILY = 1;
			};
			name = Release;
		};
/* End XCBuildConfiguration section */

/* Begin XCConfigurationList section */
		AFA43D0D232EA63100F5529C /* Build configuration list for PBXProject "gpxeditortracker" */ = {
			isa = XCConfigurationList;
			buildConfigurations = (
				AFA43D25232EA63200F5529C /* Debug */,
				AFA43D26232EA63200F5529C /* Release */,
			);
			defaultConfigurationIsVisible = 0;
			defaultConfigurationName = Release;
		};
		AFA43D27232EA63200F5529C /* Build configuration list for PBXNativeTarget "gpxeditortracker" */ = {
			isa = XCConfigurationList;
			buildConfigurations = (
				AFA43D28232EA63200F5529C /* Debug */,
				AFA43D29232EA63200F5529C /* Release */,
			);
			defaultConfigurationIsVisible = 0;
			defaultConfigurationName = Release;
		};
/* End XCConfigurationList section */

/* Begin XCVersionGroup section */
		AFA43D1C232EA63100F5529C /* gpxeditortracker.xcdatamodeld */ = {
			isa = XCVersionGroup;
			children = (
				AFA43D1D232EA63100F5529C /* gpxeditortracker.xcdatamodel */,
			);
			currentVersion = AFA43D1D232EA63100F5529C /* gpxeditortracker.xcdatamodel */;
			path = gpxeditortracker.xcdatamodeld;
			sourceTree = "<group>";
			versionGroupType = wrapper.xcdatamodel;
		};
/* End XCVersionGroup section */
	};
	rootObject = AFA43D0A232EA63100F5529C /* Project object */;
}
